
Microsoft Visual Studio Solution File, Format Version 12.00
# Visual Studio Version 17
VisualStudioVersion = 17.0.31903.59
MinimumVisualStudioVersion = 10.0.40219.1
Project("{2150E333-8FDC-42A3-9474-1A3956D46DE8}") = "src", "src", "{827E0CD3-B72D-47B6-A68D-7590B98EB39B}"
EndProject
Project("{FAE04EC0-301F-11D3-BF4B-00C04F79EFBC}") = "ImperialMetricConverter", "src\ImperialMetricConverter\ImperialMetricConverter.csproj", "{5EAA2CD4-1A13-4E29-AB09-01CCE22E95FB}"
EndProject
Project("{2150E333-8FDC-42A3-9474-1A3956D46DE8}") = "tests", "tests", "{0AB3BF05-4346-4AA6-1389-037BE0695223}"
EndProject
Project("{FAE04EC0-301F-11D3-BF4B-00C04F79EFBC}") = "ImperialMetricConverter.Tests", "tests\ImperialMetricConverter.Tests\ImperialMetricConverter.Tests.csproj", "{FDB84443-4F51-402F-A040-D881CC02FC85}"
EndProject
Global
	GlobalSection(SolutionConfigurationPlatforms) = preSolution
		Debug|Any CPU = Debug|Any CPU
		Debug|x64 = Debug|x64
		Debug|x86 = Debug|x86
		Release|Any CPU = Release|Any CPU
		Release|x64 = Release|x64
		Release|x86 = Release|x86
	EndGlobalSection
	GlobalSection(ProjectConfigurationPlatforms) = postSolution
		{5EAA2CD4-1A13-4E29-AB09-01CCE22E95FB}.Debug|Any CPU.ActiveCfg = Debug|Any CPU
		{5EAA2CD4-1A13-4E29-AB09-01CCE22E95FB}.Debug|Any CPU.Build.0 = Debug|Any CPU
		{5EAA2CD4-1A13-4E29-AB09-01CCE22E95FB}.Debug|x64.ActiveCfg = Debug|Any CPU
		{5EAA2CD4-1A13-4E29-AB09-01CCE22E95FB}.Debug|x64.Build.0 = Debug|Any CPU
		{5EAA2CD4-1A13-4E29-AB09-01CCE22E95FB}.Debug|x86.ActiveCfg = Debug|Any CPU
		{5EAA2CD4-1A13-4E29-AB09-01CCE22E95FB}.Debug|x86.Build.0 = Debug|Any CPU
		{5EAA2CD4-1A13-4E29-AB09-01CCE22E95FB}.Release|Any CPU.ActiveCfg = Release|Any CPU
		{5EAA2CD4-1A13-4E29-AB09-01CCE22E95FB}.Release|Any CPU.Build.0 = Release|Any CPU
		{5EAA2CD4-1A13-4E29-AB09-01CCE22E95FB}.Release|x64.ActiveCfg = Release|Any CPU
		{5EAA2CD4-1A13-4E29-AB09-01CCE22E95FB}.Release|x64.Build.0 = Release|Any CPU
		{5EAA2CD4-1A13-4E29-AB09-01CCE22E95FB}.Release|x86.ActiveCfg = Release|Any CPU
		{5EAA2CD4-1A13-4E29-AB09-01CCE22E95FB}.Release|x86.Build.0 = Release|Any CPU
		{FDB84443-4F51-402F-A040-D881CC02FC85}.Debug|Any CPU.ActiveCfg = Debug|Any CPU
		{FDB84443-4F51-402F-A040-D881CC02FC85}.Debug|Any CPU.Build.0 = Debug|Any CPU
		{FDB84443-4F51-402F-A040-D881CC02FC85}.Debug|x64.ActiveCfg = Debug|Any CPU
		{FDB84443-4F51-402F-A040-D881CC02FC85}.Debug|x64.Build.0 = Debug|Any CPU
		{FDB84443-4F51-402F-A040-D881CC02FC85}.Debug|x86.ActiveCfg = Debug|Any CPU
		{FDB84443-4F51-402F-A040-D881CC02FC85}.Debug|x86.Build.0 = Debug|Any CPU
		{FDB84443-4F51-402F-A040-D881CC02FC85}.Release|Any CPU.ActiveCfg = Release|Any CPU
		{FDB84443-4F51-402F-A040-D881CC02FC85}.Release|Any CPU.Build.0 = Release|Any CPU
		{FDB84443-4F51-402F-A040-D881CC02FC85}.Release|x64.ActiveCfg = Release|Any CPU
		{FDB84443-4F51-402F-A040-D881CC02FC85}.Release|x64.Build.0 = Release|Any CPU
		{FDB84443-4F51-402F-A040-D881CC02FC85}.Release|x86.ActiveCfg = Release|Any CPU
		{FDB84443-4F51-402F-A040-D881CC02FC85}.Release|x86.Build.0 = Release|Any CPU
	EndGlobalSection
	GlobalSection(SolutionProperties) = preSolution
		HideSolutionNode = FALSE
	EndGlobalSection
	GlobalSection(NestedProjects) = preSolution
		{5EAA2CD4-1A13-4E29-AB09-01CCE22E95FB} = {827E0CD3-B72D-47B6-A68D-7590B98EB39B}
		{FDB84443-4F51-402F-A040-D881CC02FC85} = {0AB3BF05-4346-4AA6-1389-037BE0695223}
	EndGlobalSection
EndGlobal
